
Microsoft Visual Studio Solution File, Format Version 12.00
# Visual Studio Version 17
VisualStudioVersion = 17.5.33530.505
MinimumVisualStudioVersion = 10.0.40219.1
Project("{9A19103F-16F7-4668-BE54-9A1E7A4F7556}") = "KryptoCalc.Server", "KryptoCalc\Server\KryptoCalc.Server.csproj", "{C1FBFF7B-4CFC-4442-A051-072AFFF445F6}"
EndProject
Project("{9A19103F-16F7-4668-BE54-9A1E7A4F7556}") = "KryptoCalc.Client", "KryptoCalc\Client\KryptoCalc.Client.csproj", "{36AA072A-E159-41F7-A214-BA4A319520FE}"
EndProject
Project("{9A19103F-16F7-4668-BE54-9A1E7A4F7556}") = "KryptoCalc.Shared", "KryptoCalc\Shared\KryptoCalc.Shared.csproj", "{1A61D3AF-04BD-46DB-BF23-50F1DCCCD3C9}"
EndProject
Project("{9A19103F-16F7-4668-BE54-9A1E7A4F7556}") = "KryptoCalcTest", "CalcTest\KryptoCalcTest.csproj", "{81710DF8-0483-4696-A4D3-28CAF8564E52}"
EndProject
Project("{9A19103F-16F7-4668-BE54-9A1E7A4F7556}") = "Calc", "Calc\Calc.csproj", "{C4F9F788-D2B6-4E87-A73C-24078ED1DE19}"
EndProject
Project("{9A19103F-16F7-4668-BE54-9A1E7A4F7556}") = "WebjobsUpdateSymbol", "WebjobsUpdateSymbol\WebjobsUpdateSymbol.csproj", "{207B48F6-B33B-449B-8C45-E8908024D639}"
EndProject
Global
	GlobalSection(SolutionConfigurationPlatforms) = preSolution
		Debug|Any CPU = Debug|Any CPU
		Release|Any CPU = Release|Any CPU
	EndGlobalSection
	GlobalSection(ProjectConfigurationPlatforms) = postSolution
		{C1FBFF7B-4CFC-4442-A051-072AFFF445F6}.Debug|Any CPU.ActiveCfg = Debug|Any CPU
		{C1FBFF7B-4CFC-4442-A051-072AFFF445F6}.Debug|Any CPU.Build.0 = Debug|Any CPU
		{C1FBFF7B-4CFC-4442-A051-072AFFF445F6}.Release|Any CPU.ActiveCfg = Release|Any CPU
		{C1FBFF7B-4CFC-4442-A051-072AFFF445F6}.Release|Any CPU.Build.0 = Release|Any CPU
		{36AA072A-E159-41F7-A214-BA4A319520FE}.Debug|Any CPU.ActiveCfg = Debug|Any CPU
		{36AA072A-E159-41F7-A214-BA4A319520FE}.Debug|Any CPU.Build.0 = Debug|Any CPU
		{36AA072A-E159-41F7-A214-BA4A319520FE}.Release|Any CPU.ActiveCfg = Release|Any CPU
		{36AA072A-E159-41F7-A214-BA4A319520FE}.Release|Any CPU.Build.0 = Release|Any CPU
		{1A61D3AF-04BD-46DB-BF23-50F1DCCCD3C9}.Debug|Any CPU.ActiveCfg = Debug|Any CPU
		{1A61D3AF-04BD-46DB-BF23-50F1DCCCD3C9}.Debug|Any CPU.Build.0 = Debug|Any CPU
		{1A61D3AF-04BD-46DB-BF23-50F1DCCCD3C9}.Release|Any CPU.ActiveCfg = Release|Any CPU
		{1A61D3AF-04BD-46DB-BF23-50F1DCCCD3C9}.Release|Any CPU.Build.0 = Release|Any CPU
		{81710DF8-0483-4696-A4D3-28CAF8564E52}.Debug|Any CPU.ActiveCfg = Debug|Any CPU
		{81710DF8-0483-4696-A4D3-28CAF8564E52}.Debug|Any CPU.Build.0 = Debug|Any CPU
		{81710DF8-0483-4696-A4D3-28CAF8564E52}.Release|Any CPU.ActiveCfg = Release|Any CPU
		{81710DF8-0483-4696-A4D3-28CAF8564E52}.Release|Any CPU.Build.0 = Release|Any CPU
		{C4F9F788-D2B6-4E87-A73C-24078ED1DE19}.Debug|Any CPU.ActiveCfg = Debug|Any CPU
		{C4F9F788-D2B6-4E87-A73C-24078ED1DE19}.Debug|Any CPU.Build.0 = Debug|Any CPU
		{C4F9F788-D2B6-4E87-A73C-24078ED1DE19}.Release|Any CPU.ActiveCfg = Release|Any CPU
		{C4F9F788-D2B6-4E87-A73C-24078ED1DE19}.Release|Any CPU.Build.0 = Release|Any CPU
		{207B48F6-B33B-449B-8C45-E8908024D639}.Debug|Any CPU.ActiveCfg = Debug|Any CPU
		{207B48F6-B33B-449B-8C45-E8908024D639}.Debug|Any CPU.Build.0 = Debug|Any CPU
		{207B48F6-B33B-449B-8C45-E8908024D639}.Release|Any CPU.ActiveCfg = Release|Any CPU
		{207B48F6-B33B-449B-8C45-E8908024D639}.Release|Any CPU.Build.0 = Release|Any CPU
	EndGlobalSection
	GlobalSection(SolutionProperties) = preSolution
		HideSolutionNode = FALSE
	EndGlobalSection
	GlobalSection(ExtensibilityGlobals) = postSolution
		SolutionGuid = {8D672E93-4210-4912-96C3-D7C7AD20E4F4}
	EndGlobalSection
EndGlobal
